
Microsoft Visual Studio Solution File, Format Version 12.00
# Visual Studio Version 17
VisualStudioVersion = 17.0.32112.339
MinimumVisualStudioVersion = 10.0.40219.1
Project("{8BC9CEB8-8B4A-11D0-8D11-00A0C91BC942}") = "2022_05_03_Passwortabfrage", "2022_05_03_Passwortabfrage\2022_05_03_Passwortabfrage.vcxproj", "{0483CE83-4B1E-4F66-809D-55DB51435793}"
EndProject
Global
	GlobalSection(SolutionConfigurationPlatforms) = preSolution
		Debug|x64 = Debug|x64
		Debug|x86 = Debug|x86
		Release|x64 = Release|x64
		Release|x86 = Release|x86
	EndGlobalSection
	GlobalSection(ProjectConfigurationPlatforms) = postSolution
		{0483CE83-4B1E-4F66-809D-55DB51435793}.Debug|x64.ActiveCfg = Debug|x64
		{0483CE83-4B1E-4F66-809D-55DB51435793}.Debug|x64.Build.0 = Debug|x64
		{0483CE83-4B1E-4F66-809D-55DB51435793}.Debug|x86.ActiveCfg = Debug|Win32
		{0483CE83-4B1E-4F66-809D-55DB51435793}.Debug|x86.Build.0 = Debug|Win32
		{0483CE83-4B1E-4F66-809D-55DB51435793}.Release|x64.ActiveCfg = Release|x64
		{0483CE83-4B1E-4F66-809D-55DB51435793}.Release|x64.Build.0 = Release|x64
		{0483CE83-4B1E-4F66-809D-55DB51435793}.Release|x86.ActiveCfg = Release|Win32
		{0483CE83-4B1E-4F66-809D-55DB51435793}.Release|x86.Build.0 = Release|Win32
	EndGlobalSection
	GlobalSection(SolutionProperties) = preSolution
		HideSolutionNode = FALSE
	EndGlobalSection
	GlobalSection(ExtensibilityGlobals) = postSolution
		SolutionGuid = {87C288E2-0716-42D0-BBA5-DD18F78A42ED}
	EndGlobalSection
EndGlobal
